# THIS IS AN AUTOGENERATED FILE. DO NOT EDIT THIS FILE DIRECTLY.
# yarn lockfile v1


"@types/node@12.6.8":
  version "12.6.8"
  resolved "https://registry.yarnpkg.com/@types/node/-/node-12.6.8.tgz#e469b4bf9d1c9832aee4907ba8a051494357c12c"
  integrity sha512-aX+gFgA5GHcDi89KG5keey2zf0WfZk/HAQotEamsK2kbey+8yGKcson0hbK8E+v0NArlCJQCqMP161YhV6ZXLg==

"@types/prettier@^1.18.0":
  version "1.18.0"
  resolved "https://registry.yarnpkg.com/@types/prettier/-/prettier-1.18.0.tgz#d2dbe4d5f76b455138f13a2d881278e2c06a733d"
  integrity sha512-5N6WK/XXs9PLPpge2KOmOSaIym2vIo32GsrxM5YOFs7uZ8R9L/acg+hQzWsfwoHEpasqQkH0+3LzLTbiF1GFLQ==

"@zeit/ncc@0.20.4":
  version "0.20.4"
  resolved "https://registry.yarnpkg.com/@zeit/ncc/-/ncc-0.20.4.tgz#00f0a25a88cac3712af4ba66561d9e281c6f05c9"
  integrity sha512-fmq+F/QxPec+k/zvT7HiVpk7oiGFseS6brfT/AYqmCUp6QFRK7vZf2Ref46MImsg/g2W3g5X6SRvGRmOAvEfdA==

prettier@1.18.2:
  version "1.18.2"
  resolved "https://registry.yarnpkg.com/prettier/-/prettier-1.18.2.tgz#6823e7c5900017b4bd3acf46fe9ac4b4d7bda9ea"
  integrity sha512-OeHeMc0JhFE9idD4ZdtNibzY0+TPHSpSSb9h8FqtP+YnoZZ1sl8Vc9b1sasjfymH3SonAF4QcA2+mzHPhMvIiw==

typescript@3.5.3:
  version "3.5.3"
  resolved "https://registry.yarnpkg.com/typescript/-/typescript-3.5.3.tgz#c830f657f93f1ea846819e929092f5fe5983e977"
  integrity sha512-ACzBtm/PhXBDId6a6sDJfroT2pOWt/oOnk4/dElG5G33ZL776N3Y6/6bKZJBFpd+b05F3Ct9qDjMeJmRWtE2/g==
